
Microsoft Visual Studio Solution File, Format Version 12.00
# Visual Studio Version 17
VisualStudioVersion = 17.12.35707.178 d17.12
MinimumVisualStudioVersion = 10.0.40219.1
Project("{FAE04EC0-301F-11D3-BF4B-00C04F79EFBC}") = "Page 53 - The Triangle Farmer", "Page 53 - The Triangle Farmer.csproj", "{32B03D8A-D6ED-4AD8-9971-73D7F82A3455}"
EndProject
Global
	GlobalSection(SolutionConfigurationPlatforms) = preSolution
		Debug|Any CPU = Debug|Any CPU
		Release|Any CPU = Release|Any CPU
	EndGlobalSection
	GlobalSection(ProjectConfigurationPlatforms) = postSolution
		{32B03D8A-D6ED-4AD8-9971-73D7F82A3455}.Debug|Any CPU.ActiveCfg = Debug|Any CPU
		{32B03D8A-D6ED-4AD8-9971-73D7F82A3455}.Debug|Any CPU.Build.0 = Debug|Any CPU
		{32B03D8A-D6ED-4AD8-9971-73D7F82A3455}.Release|Any CPU.ActiveCfg = Release|Any CPU
		{32B03D8A-D6ED-4AD8-9971-73D7F82A3455}.Release|Any CPU.Build.0 = Release|Any CPU
	EndGlobalSection
	GlobalSection(SolutionProperties) = preSolution
		HideSolutionNode = FALSE
	EndGlobalSection
EndGlobal
