
Microsoft Visual Studio Solution File, Format Version 12.00
# Visual Studio Version 17
VisualStudioVersion = 17.12.35707.178 d17.12
MinimumVisualStudioVersion = 10.0.40219.1
Project("{FAE04EC0-301F-11D3-BF4B-00C04F79EFBC}") = "Page 68 - The Defense of Consolas", "Page 68 - The Defense of Consolas.csproj", "{001F7F0B-0F4E-41D9-99AE-74F4C3F4164D}"
EndProject
Global
	GlobalSection(SolutionConfigurationPlatforms) = preSolution
		Debug|Any CPU = Debug|Any CPU
		Release|Any CPU = Release|Any CPU
	EndGlobalSection
	GlobalSection(ProjectConfigurationPlatforms) = postSolution
		{001F7F0B-0F4E-41D9-99AE-74F4C3F4164D}.Debug|Any CPU.ActiveCfg = Debug|Any CPU
		{001F7F0B-0F4E-41D9-99AE-74F4C3F4164D}.Debug|Any CPU.Build.0 = Debug|Any CPU
		{001F7F0B-0F4E-41D9-99AE-74F4C3F4164D}.Release|Any CPU.ActiveCfg = Release|Any CPU
		{001F7F0B-0F4E-41D9-99AE-74F4C3F4164D}.Release|Any CPU.Build.0 = Release|Any CPU
	EndGlobalSection
	GlobalSection(SolutionProperties) = preSolution
		HideSolutionNode = FALSE
	EndGlobalSection
EndGlobal
